
Microsoft Visual Studio Solution File, Format Version 12.00
# Visual Studio Version 16
VisualStudioVersion = 16.0.34031.81
MinimumVisualStudioVersion = 10.0.40219.1
Project("{FAE04EC0-301F-11D3-BF4B-00C04F79EFBC}") = "ExamWeb_PhamNgocDuong", "ExamWeb_PhamNgocDuong\ExamWeb_PhamNgocDuong.csproj", "{7FABBD12-08AE-4E6C-8404-11704B183403}"
EndProject
Global
	GlobalSection(SolutionConfigurationPlatforms) = preSolution
		Debug|Any CPU = Debug|Any CPU
		Release|Any CPU = Release|Any CPU
	EndGlobalSection
	GlobalSection(ProjectConfigurationPlatforms) = postSolution
		{7FABBD12-08AE-4E6C-8404-11704B183403}.Debug|Any CPU.ActiveCfg = Debug|Any CPU
		{7FABBD12-08AE-4E6C-8404-11704B183403}.Debug|Any CPU.Build.0 = Debug|Any CPU
		{7FABBD12-08AE-4E6C-8404-11704B183403}.Release|Any CPU.ActiveCfg = Release|Any CPU
		{7FABBD12-08AE-4E6C-8404-11704B183403}.Release|Any CPU.Build.0 = Release|Any CPU
	EndGlobalSection
	GlobalSection(SolutionProperties) = preSolution
		HideSolutionNode = FALSE
	EndGlobalSection
	GlobalSection(ExtensibilityGlobals) = postSolution
		SolutionGuid = {7B6A8F5B-9BE8-4D11-A582-12F2C570C9F2}
	EndGlobalSection
EndGlobal
